
Microsoft Visual Studio Solution File, Format Version 12.00
# Visual Studio Version 17
VisualStudioVersion = 17.14.36429.23
MinimumVisualStudioVersion = 10.0.40219.1
Project("{2150E333-8FDC-42A3-9474-1A3956D46DE8}") = "src", "src", "{827E0CD3-B72D-47B6-A68D-7590B98EB39B}"
EndProject
Project("{FAE04EC0-301F-11D3-BF4B-00C04F79EFBC}") = "HomeServicePlatform.Api", "src\HomeServicePlatform.Api\HomeServicePlatform.Api.csproj", "{9DC91EA7-8E2D-42C0-933A-5143B19A65D7}"
EndProject
Project("{FAE04EC0-301F-11D3-BF4B-00C04F79EFBC}") = "HomeServicePlatform.Application", "src\HomeServicePlatform.Application\HomeServicePlatform.Application.csproj", "{5B9C03A1-A91B-41A0-B1E5-37300AA9B2CA}"
EndProject
Project("{FAE04EC0-301F-11D3-BF4B-00C04F79EFBC}") = "HomeServicePlatform.Domain", "src\HomeServicePlatform.Domain\HomeServicePlatform.Domain.csproj", "{9CEE2B90-6612-435A-863B-8E74F918CF1D}"
EndProject
Project("{FAE04EC0-301F-11D3-BF4B-00C04F79EFBC}") = "HomeServicePlatform.Infrastructure", "src\HomeServicePlatform.Infrastructure\HomeServicePlatform.Infrastructure.csproj", "{C2156783-8FB3-4E33-B59F-766017B0C40A}"
EndProject
Global
	GlobalSection(SolutionConfigurationPlatforms) = preSolution
		Debug|Any CPU = Debug|Any CPU
		Debug|x64 = Debug|x64
		Debug|x86 = Debug|x86
		Release|Any CPU = Release|Any CPU
		Release|x64 = Release|x64
		Release|x86 = Release|x86
	EndGlobalSection
	GlobalSection(ProjectConfigurationPlatforms) = postSolution
		{9DC91EA7-8E2D-42C0-933A-5143B19A65D7}.Debug|Any CPU.ActiveCfg = Debug|Any CPU
		{9DC91EA7-8E2D-42C0-933A-5143B19A65D7}.Debug|Any CPU.Build.0 = Debug|Any CPU
		{9DC91EA7-8E2D-42C0-933A-5143B19A65D7}.Debug|x64.ActiveCfg = Debug|Any CPU
		{9DC91EA7-8E2D-42C0-933A-5143B19A65D7}.Debug|x64.Build.0 = Debug|Any CPU
		{9DC91EA7-8E2D-42C0-933A-5143B19A65D7}.Debug|x86.ActiveCfg = Debug|Any CPU
		{9DC91EA7-8E2D-42C0-933A-5143B19A65D7}.Debug|x86.Build.0 = Debug|Any CPU
		{9DC91EA7-8E2D-42C0-933A-5143B19A65D7}.Release|Any CPU.ActiveCfg = Release|Any CPU
		{9DC91EA7-8E2D-42C0-933A-5143B19A65D7}.Release|Any CPU.Build.0 = Release|Any CPU
		{9DC91EA7-8E2D-42C0-933A-5143B19A65D7}.Release|x64.ActiveCfg = Release|Any CPU
		{9DC91EA7-8E2D-42C0-933A-5143B19A65D7}.Release|x64.Build.0 = Release|Any CPU
		{9DC91EA7-8E2D-42C0-933A-5143B19A65D7}.Release|x86.ActiveCfg = Release|Any CPU
		{9DC91EA7-8E2D-42C0-933A-5143B19A65D7}.Release|x86.Build.0 = Release|Any CPU
		{5B9C03A1-A91B-41A0-B1E5-37300AA9B2CA}.Debug|Any CPU.ActiveCfg = Debug|Any CPU
		{5B9C03A1-A91B-41A0-B1E5-37300AA9B2CA}.Debug|Any CPU.Build.0 = Debug|Any CPU
		{5B9C03A1-A91B-41A0-B1E5-37300AA9B2CA}.Debug|x64.ActiveCfg = Debug|Any CPU
		{5B9C03A1-A91B-41A0-B1E5-37300AA9B2CA}.Debug|x64.Build.0 = Debug|Any CPU
		{5B9C03A1-A91B-41A0-B1E5-37300AA9B2CA}.Debug|x86.ActiveCfg = Debug|Any CPU
		{5B9C03A1-A91B-41A0-B1E5-37300AA9B2CA}.Debug|x86.Build.0 = Debug|Any CPU
		{5B9C03A1-A91B-41A0-B1E5-37300AA9B2CA}.Release|Any CPU.ActiveCfg = Release|Any CPU
		{5B9C03A1-A91B-41A0-B1E5-37300AA9B2CA}.Release|Any CPU.Build.0 = Release|Any CPU
		{5B9C03A1-A91B-41A0-B1E5-37300AA9B2CA}.Release|x64.ActiveCfg = Release|Any CPU
		{5B9C03A1-A91B-41A0-B1E5-37300AA9B2CA}.Release|x64.Build.0 = Release|Any CPU
		{5B9C03A1-A91B-41A0-B1E5-37300AA9B2CA}.Release|x86.ActiveCfg = Release|Any CPU
		{5B9C03A1-A91B-41A0-B1E5-37300AA9B2CA}.Release|x86.Build.0 = Release|Any CPU
		{9CEE2B90-6612-435A-863B-8E74F918CF1D}.Debug|Any CPU.ActiveCfg = Debug|Any CPU
		{9CEE2B90-6612-435A-863B-8E74F918CF1D}.Debug|Any CPU.Build.0 = Debug|Any CPU
		{9CEE2B90-6612-435A-863B-8E74F918CF1D}.Debug|x64.ActiveCfg = Debug|Any CPU
		{9CEE2B90-6612-435A-863B-8E74F918CF1D}.Debug|x64.Build.0 = Debug|Any CPU
		{9CEE2B90-6612-435A-863B-8E74F918CF1D}.Debug|x86.ActiveCfg = Debug|Any CPU
		{9CEE2B90-6612-435A-863B-8E74F918CF1D}.Debug|x86.Build.0 = Debug|Any CPU
		{9CEE2B90-6612-435A-863B-8E74F918CF1D}.Release|Any CPU.ActiveCfg = Release|Any CPU
		{9CEE2B90-6612-435A-863B-8E74F918CF1D}.Release|Any CPU.Build.0 = Release|Any CPU
		{9CEE2B90-6612-435A-863B-8E74F918CF1D}.Release|x64.ActiveCfg = Release|Any CPU
		{9CEE2B90-6612-435A-863B-8E74F918CF1D}.Release|x64.Build.0 = Release|Any CPU
		{9CEE2B90-6612-435A-863B-8E74F918CF1D}.Release|x86.ActiveCfg = Release|Any CPU
		{9CEE2B90-6612-435A-863B-8E74F918CF1D}.Release|x86.Build.0 = Release|Any CPU
		{C2156783-8FB3-4E33-B59F-766017B0C40A}.Debug|Any CPU.ActiveCfg = Debug|Any CPU
		{C2156783-8FB3-4E33-B59F-766017B0C40A}.Debug|Any CPU.Build.0 = Debug|Any CPU
		{C2156783-8FB3-4E33-B59F-766017B0C40A}.Debug|x64.ActiveCfg = Debug|Any CPU
		{C2156783-8FB3-4E33-B59F-766017B0C40A}.Debug|x64.Build.0 = Debug|Any CPU
		{C2156783-8FB3-4E33-B59F-766017B0C40A}.Debug|x86.ActiveCfg = Debug|Any CPU
		{C2156783-8FB3-4E33-B59F-766017B0C40A}.Debug|x86.Build.0 = Debug|Any CPU
		{C2156783-8FB3-4E33-B59F-766017B0C40A}.Release|Any CPU.ActiveCfg = Release|Any CPU
		{C2156783-8FB3-4E33-B59F-766017B0C40A}.Release|Any CPU.Build.0 = Release|Any CPU
		{C2156783-8FB3-4E33-B59F-766017B0C40A}.Release|x64.ActiveCfg = Release|Any CPU
		{C2156783-8FB3-4E33-B59F-766017B0C40A}.Release|x64.Build.0 = Release|Any CPU
		{C2156783-8FB3-4E33-B59F-766017B0C40A}.Release|x86.ActiveCfg = Release|Any CPU
		{C2156783-8FB3-4E33-B59F-766017B0C40A}.Release|x86.Build.0 = Release|Any CPU
	EndGlobalSection
	GlobalSection(SolutionProperties) = preSolution
		HideSolutionNode = FALSE
	EndGlobalSection
	GlobalSection(NestedProjects) = preSolution
		{9DC91EA7-8E2D-42C0-933A-5143B19A65D7} = {827E0CD3-B72D-47B6-A68D-7590B98EB39B}
		{5B9C03A1-A91B-41A0-B1E5-37300AA9B2CA} = {827E0CD3-B72D-47B6-A68D-7590B98EB39B}
		{9CEE2B90-6612-435A-863B-8E74F918CF1D} = {827E0CD3-B72D-47B6-A68D-7590B98EB39B}
		{C2156783-8FB3-4E33-B59F-766017B0C40A} = {827E0CD3-B72D-47B6-A68D-7590B98EB39B}
	EndGlobalSection
	GlobalSection(ExtensibilityGlobals) = postSolution
		SolutionGuid = {5B1C1EE3-068C-4D1F-BAEC-0C342F002F69}
	EndGlobalSection
EndGlobal
